// !$*UTF8*$!
{
	archiveVersion = 1;
	classes = {
	};
	objectVersion = 50;
	objects = {

/* Begin PBXBuildFile section */
		496AF0E72103C6420088272F /* AppDelegate.swift in Sources */ = {isa = PBXBuildFile; fileRef = 496AF0E62103C6420088272F /* AppDelegate.swift */; };
		496AF0E92103C6420088272F /* ViewController.swift in Sources */ = {isa = PBXBuildFile; fileRef = 496AF0E82103C6420088272F /* ViewController.swift */; };
		496AF0EC2103C6420088272F /* Main.storyboard in Resources */ = {isa = PBXBuildFile; fileRef = 496AF0EA2103C6420088272F /* Main.storyboard */; };
		496AF0EF2103C6420088272F /* acaocontabilidade.xcdatamodeld in Sources */ = {isa = PBXBuildFile; fileRef = 496AF0ED2103C6420088272F /* acaocontabilidade.xcdatamodeld */; };
		496AF0F12103C6440088272F /* Assets.xcassets in Resources */ = {isa = PBXBuildFile; fileRef = 496AF0F02103C6440088272F /* Assets.xcassets */; };
		496AF0F42103C6440088272F /* LaunchScreen.storyboard in Resources */ = {isa = PBXBuildFile; fileRef = 496AF0F22103C6440088272F /* LaunchScreen.storyboard */; };
/* End PBXBuildFile section */

/* Begin PBXFileReference section */
		496AF0E32103C6420088272F /* acaocontabilidade.app */ = {isa = PBXFileReference; explicitFileType = wrapper.application; includeInIndex = 0; path = acaocontabilidade.app; sourceTree = BUILT_PRODUCTS_DIR; };
		496AF0E62103C6420088272F /* AppDelegate.swift */ = {isa = PBXFileReference; lastKnownFileType = sourcecode.swift; path = AppDelegate.swift; sourceTree = "<group>"; };
		496AF0E82103C6420088272F /* ViewController.swift */ = {isa = PBXFileReference; lastKnownFileType = sourcecode.swift; path = ViewController.swift; sourceTree = "<group>"; };
		496AF0EB2103C6420088272F /* Base */ = {isa = PBXFileReference; lastKnownFileType = file.storyboard; name = Base; path = Base.lproj/Main.storyboard; sourceTree = "<group>"; };
		496AF0EE2103C6420088272F /* acaocontabilidade.xcdatamodel */ = {isa = PBXFileReference; lastKnownFileType = wrapper.xcdatamodel; path = acaocontabilidade.xcdatamodel; sourceTree = "<group>"; };
		496AF0F02103C6440088272F /* Assets.xcassets */ = {isa = PBXFileReference; lastKnownFileType = folder.assetcatalog; path = Assets.xcassets; sourceTree = "<group>"; };
		496AF0F32103C6440088272F /* Base */ = {isa = PBXFileReference; lastKnownFileType = file.storyboard; name = Base; path = Base.lproj/LaunchScreen.storyboard; sourceTree = "<group>"; };
		496AF0F52103C6440088272F /* Info.plist */ = {isa = PBXFileReference; lastKnownFileType = text.plist.xml; path = Info.plist; sourceTree = "<group>"; };
/* End PBXFileReference section */

/* Begin PBXFrameworksBuildPhase section */
		496AF0E02103C6420088272F /* Frameworks */ = {
			isa = PBXFrameworksBuildPhase;
			buildActionMask = 2147483647;
			files = (
			);
			runOnlyForDeploymentPostprocessing = 0;
		};
/* End PBXFrameworksBuildPhase section */

/* Begin PBXGroup section */
		496AF0DA2103C6420088272F = {
			isa = PBXGroup;
			children = (
				496AF0E52103C6420088272F /* acaocontabilidade */,
				496AF0E42103C6420088272F /* Products */,
			);
			sourceTree = "<group>";
		};
		496AF0E42103C6420088272F /* Products */ = {
			isa = PBXGroup;
			children = (
				496AF0E32103C6420088272F /* acaocontabilidade.app */,
			);
			name = Products;
			sourceTree = "<group>";
		};
		496AF0E52103C6420088272F /* acaocontabilidade */ = {
			isa = PBXGroup;
			children = (
				496AF0E62103C6420088272F /* AppDelegate.swift */,
				496AF0E82103C6420088272F /* ViewController.swift */,
				496AF0EA2103C6420088272F /* Main.storyboard */,
				496AF0F02103C6440088272F /* Assets.xcassets */,
				496AF0F22103C6440088272F /* LaunchScreen.storyboard */,
				496AF0F52103C6440088272F /* Info.plist */,
				496AF0ED2103C6420088272F /* acaocontabilidade.xcdatamodeld */,
			);
			path = acaocontabilidade;
			sourceTree = "<group>";
		};
/* End PBXGroup section */

/* Begin PBXNativeTarget section */
		496AF0E22103C6420088272F /* acaocontabilidade */ = {
			isa = PBXNativeTarget;
			buildConfigurationList = 496AF0F82103C6440088272F /* Build configuration list for PBXNativeTarget "acaocontabilidade" */;
			buildPhases = (
				496AF0DF2103C6420088272F /* Sources */,
				496AF0E02103C6420088272F /* Frameworks */,
				496AF0E12103C6420088272F /* Resources */,
			);
			buildRules = (
			);
			dependencies = (
			);
			name = acaocontabilidade;
			productName = acaocontabilidade;
			productReference = 496AF0E32103C6420088272F /* acaocontabilidade.app */;
			productType = "com.apple.product-type.application";
		};
/* End PBXNativeTarget section */

/* Begin PBXProject section */
		496AF0DB2103C6420088272F /* Project object */ = {
			isa = PBXProject;
			attributes = {
				LastSwiftUpdateCheck = 0940;
				LastUpgradeCheck = 0940;
				ORGANIZATIONNAME = penseapp;
				TargetAttributes = {
					496AF0E22103C6420088272F = {
						CreatedOnToolsVersion = 9.4.1;
					};
				};
			};
			buildConfigurationList = 496AF0DE2103C6420088272F /* Build configuration list for PBXProject "acaocontabilidade" */;
			compatibilityVersion = "Xcode 9.3";
			developmentRegion = en;
			hasScannedForEncodings = 0;
			knownRegions = (
				en,
				Base,
			);
			mainGroup = 496AF0DA2103C6420088272F;
			productRefGroup = 496AF0E42103C6420088272F /* Products */;
			projectDirPath = "";
			projectRoot = "";
			targets = (
				496AF0E22103C6420088272F /* acaocontabilidade */,
			);
		};
/* End PBXProject section */

/* Begin PBXResourcesBuildPhase section */
		496AF0E12103C6420088272F /* Resources */ = {
			isa = PBXResourcesBuildPhase;
			buildActionMask = 2147483647;
			files = (
				496AF0F42103C6440088272F /* LaunchScreen.storyboard in Resources */,
				496AF0F12103C6440088272F /* Assets.xcassets in Resources */,
				496AF0EC2103C6420088272F /* Main.storyboard in Resources */,
			);
			runOnlyForDeploymentPostprocessing = 0;
		};
/* End PBXResourcesBuildPhase section */

/* Begin PBXSourcesBuildPhase section */
		496AF0DF2103C6420088272F /* Sources */ = {
			isa = PBXSourcesBuildPhase;
			buildActionMask = 2147483647;
			files = (
				496AF0E92103C6420088272F /* ViewController.swift in Sources */,
				496AF0EF2103C6420088272F /* acaocontabilidade.xcdatamodeld in Sources */,
				496AF0E72103C6420088272F /* AppDelegate.swift in Sources */,
			);
			runOnlyForDeploymentPostprocessing = 0;
		};
/* End PBXSourcesBuildPhase section */

/* Begin PBXVariantGroup section */
		496AF0EA2103C6420088272F /* Main.storyboard */ = {
			isa = PBXVariantGroup;
			children = (
				496AF0EB2103C6420088272F /* Base */,
			);
			name = Main.storyboard;
			sourceTree = "<group>";
		};
		496AF0F22103C6440088272F /* LaunchScreen.storyboard */ = {
			isa = PBXVariantGroup;
			children = (
				496AF0F32103C6440088272F /* Base */,
			);
			name = LaunchScreen.storyboard;
			sourceTree = "<group>";
		};
/* End PBXVariantGroup section */

/* Begin XCBuildConfiguration section */
		496AF0F62103C6440088272F /* Debug */ = {
			isa = XCBuildConfiguration;
			buildSettings = {
				ALWAYS_SEARCH_USER_PATHS = NO;
				CLANG_ANALYZER_NONNULL = YES;
				CLANG_ANALYZER_NUMBER_OBJECT_CONVERSION = YES_AGGRESSIVE;
				CLANG_CXX_LANGUAGE_STANDARD = "gnu++14";
				CLANG_CXX_LIBRARY = "libc++";
				CLANG_ENABLE_MODULES = YES;
				CLANG_ENABLE_OBJC_ARC = YES;
				CLANG_ENABLE_OBJC_WEAK = YES;
				CLANG_WARN_BLOCK_CAPTURE_AUTORELEASING = YES;
				CLANG_WARN_BOOL_CONVERSION = YES;
				CLANG_WARN_COMMA = YES;
				CLANG_WARN_CONSTANT_CONVERSION = YES;
				CLANG_WARN_DEPRECATED_OBJC_IMPLEMENTATIONS = YES;
				CLANG_WARN_DIRECT_OBJC_ISA_USAGE = YES_ERROR;
				CLANG_WARN_DOCUMENTATION_COMMENTS = YES;
				CLANG_WARN_EMPTY_BODY = YES;
				CLANG_WARN_ENUM_CONVERSION = YES;
				CLANG_WARN_INFINITE_RECURSION = YES;
				CLANG_WARN_INT_CONVERSION = YES;
				CLANG_WARN_NON_LITERAL_NULL_CONVERSION = YES;
				CLANG_WARN_OBJC_IMPLICIT_RETAIN_SELF = YES;
				CLANG_WARN_OBJC_LITERAL_CONVERSION = YES;
				CLANG_WARN_OBJC_ROOT_CLASS = YES_ERROR;
				CLANG_WARN_RANGE_LOOP_ANALYSIS = YES;
				CLANG_WARN_STRICT_PROTOTYPES = YES;
				CLANG_WARN_SUSPICIOUS_MOVE = YES;
				CLANG_WARN_UNGUARDED_AVAILABILITY = YES_AGGRESSIVE;
				CLANG_WARN_UNREACHABLE_CODE = YES;
				CLANG_WARN__DUPLICATE_METHOD_MATCH = YES;
				CODE_SIGN_IDENTITY = "iPhone Developer";
				COPY_PHASE_STRIP = NO;
				DEBUG_INFORMATION_FORMAT = dwarf;
				ENABLE_STRICT_OBJC_MSGSEND = YES;
				ENABLE_TESTABILITY = YES;
				GCC_C_LANGUAGE_STANDARD = gnu11;
				GCC_DYNAMIC_NO_PIC = NO;
				GCC_NO_COMMON_BLOCKS = YES;
				GCC_OPTIMIZATION_LEVEL = 0;
				GCC_PREPROCESSOR_DEFINITIONS = (
					"DEBUG=1",
					"$(inherited)",
				);
				GCC_WARN_64_TO_32_BIT_CONVERSION = YES;
				GCC_WARN_ABOUT_RETURN_TYPE = YES_ERROR;
				GCC_WARN_UNDECLARED_SELECTOR = YES;
				GCC_WARN_UNINITIALIZED_AUTOS = YES_AGGRESSIVE;
				GCC_WARN_UNUSED_FUNCTION = YES;
				GCC_WARN_UNUSED_VARIABLE = YES;
				IPHONEOS_DEPLOYMENT_TARGET = 11.4;
				MTL_ENABLE_DEBUG_INFO = YES;
				ONLY_ACTIVE_ARCH = YES;
				SDKROOT = iphoneos;
				SWIFT_ACTIVE_COMPILATION_CONDITIONS = DEBUG;
				SWIFT_OPTIMIZATION_LEVEL = "-Onone";
			};
			name = Debug;
		};
		496AF0F72103C6440088272F /* Release */ = {
			isa = XCBuildConfiguration;
			buildSettings = {
				ALWAYS_SEARCH_USER_PATHS = NO;
				CLANG_ANALYZER_NONNULL = YES;
				CLANG_ANALYZER_NUMBER_OBJECT_CONVERSION = YES_AGGRESSIVE;
				CLANG_CXX_LANGUAGE_STANDARD = "gnu++14";
				CLANG_CXX_LIBRARY = "libc++";
				CLANG_ENABLE_MODULES = YES;
				CLANG_ENABLE_OBJC_ARC = YES;
				CLANG_ENABLE_OBJC_WEAK = YES;
				CLANG_WARN_BLOCK_CAPTURE_AUTORELEASING = YES;
				CLANG_WARN_BOOL_CONVERSION = YES;
				CLANG_WARN_COMMA = YES;
				CLANG_WARN_CONSTANT_CONVERSION = YES;
				CLANG_WARN_DEPRECATED_OBJC_IMPLEMENTATIONS = YES;
				CLANG_WARN_DIRECT_OBJC_ISA_USAGE = YES_ERROR;
				CLANG_WARN_DOCUMENTATION_COMMENTS = YES;
				CLANG_WARN_EMPTY_BODY = YES;
				CLANG_WARN_ENUM_CONVERSION = YES;
				CLANG_WARN_INFINITE_RECURSION = YES;
				CLANG_WARN_INT_CONVERSION = YES;
				CLANG_WARN_NON_LITERAL_NULL_CONVERSION = YES;
				CLANG_WARN_OBJC_IMPLICIT_RETAIN_SELF = YES;
				CLANG_WARN_OBJC_LITERAL_CONVERSION = YES;
				CLANG_WARN_OBJC_ROOT_CLASS = YES_ERROR;
				CLANG_WARN_RANGE_LOOP_ANALYSIS = YES;
				CLANG_WARN_STRICT_PROTOTYPES = YES;
				CLANG_WARN_SUSPICIOUS_MOVE = YES;
				CLANG_WARN_UNGUARDED_AVAILABILITY = YES_AGGRESSIVE;
				CLANG_WARN_UNREACHABLE_CODE = YES;
				CLANG_WARN__DUPLICATE_METHOD_MATCH = YES;
				CODE_SIGN_IDENTITY = "iPhone Developer";
				COPY_PHASE_STRIP = NO;
				DEBUG_INFORMATION_FORMAT = "dwarf-with-dsym";
				ENABLE_NS_ASSERTIONS = NO;
				ENABLE_STRICT_OBJC_MSGSEND = YES;
				GCC_C_LANGUAGE_STANDARD = gnu11;
				GCC_NO_COMMON_BLOCKS = YES;
				GCC_WARN_64_TO_32_BIT_CONVERSION = YES;
				GCC_WARN_ABOUT_RETURN_TYPE = YES_ERROR;
				GCC_WARN_UNDECLARED_SELECTOR = YES;
				GCC_WARN_UNINITIALIZED_AUTOS = YES_AGGRESSIVE;
				GCC_WARN_UNUSED_FUNCTION = YES;
				GCC_WARN_UNUSED_VARIABLE = YES;
				IPHONEOS_DEPLOYMENT_TARGET = 11.4;
				MTL_ENABLE_DEBUG_INFO = NO;
				SDKROOT = iphoneos;
				SWIFT_COMPILATION_MODE = wholemodule;
				SWIFT_OPTIMIZATION_LEVEL = "-O";
				VALIDATE_PRODUCT = YES;
			};
			name = Release;
		};
		496AF0F92103C6440088272F /* Debug */ = {
			isa = XCBuildConfiguration;
			buildSettings = {
				ASSETCATALOG_COMPILER_APPICON_NAME = AppIcon;
				CODE_SIGN_STYLE = Automatic;
				DEVELOPMENT_TEAM = B6UGJL64BN;
				INFOPLIST_FILE = acaocontabilidade/Info.plist;
				LD_RUNPATH_SEARCH_PATHS = (
					"$(inherited)",
					"@executable_path/Frameworks",
				);
				PRODUCT_BUNDLE_IDENTIFIER = com.penseapp.acaocontabilidade;
				PRODUCT_NAME = "$(TARGET_NAME)";
				SWIFT_VERSION = 4.0;
				TARGETED_DEVICE_FAMILY = "1,2";
			};
			name = Debug;
		};
		496AF0FA2103C6440088272F /* Release */ = {
			isa = XCBuildConfiguration;
			buildSettings = {
				ASSETCATALOG_COMPILER_APPICON_NAME = AppIcon;
				CODE_SIGN_STYLE = Automatic;
				DEVELOPMENT_TEAM = B6UGJL64BN;
				INFOPLIST_FILE = acaocontabilidade/Info.plist;
				LD_RUNPATH_SEARCH_PATHS = (
					"$(inherited)",
					"@executable_path/Frameworks",
				);
				PRODUCT_BUNDLE_IDENTIFIER = com.penseapp.acaocontabilidade;
				PRODUCT_NAME = "$(TARGET_NAME)";
				SWIFT_VERSION = 4.0;
				TARGETED_DEVICE_FAMILY = "1,2";
			};
			name = Release;
		};
/* End XCBuildConfiguration section */

/* Begin XCConfigurationList section */
		496AF0DE2103C6420088272F /* Build configuration list for PBXProject "acaocontabilidade" */ = {
			isa = XCConfigurationList;
			buildConfigurations = (
				496AF0F62103C6440088272F /* Debug */,
				496AF0F72103C6440088272F /* Release */,
			);
			defaultConfigurationIsVisible = 0;
			defaultConfigurationName = Release;
		};
		496AF0F82103C6440088272F /* Build configuration list for PBXNativeTarget "acaocontabilidade" */ = {
			isa = XCConfigurationList;
			buildConfigurations = (
				496AF0F92103C6440088272F /* Debug */,
				496AF0FA2103C6440088272F /* Release */,
			);
			defaultConfigurationIsVisible = 0;
			defaultConfigurationName = Release;
		};
/* End XCConfigurationList section */

/* Begin XCVersionGroup section */
		496AF0ED2103C6420088272F /* acaocontabilidade.xcdatamodeld */ = {
			isa = XCVersionGroup;
			children = (
				496AF0EE2103C6420088272F /* acaocontabilidade.xcdatamodel */,
			);
			currentVersion = 496AF0EE2103C6420088272F /* acaocontabilidade.xcdatamodel */;
			path = acaocontabilidade.xcdatamodeld;
			sourceTree = "<group>";
			versionGroupType = wrapper.xcdatamodel;
		};
/* End XCVersionGroup section */
	};
	rootObject = 496AF0DB2103C6420088272F /* Project object */;
}
